
Microsoft Visual Studio Solution File, Format Version 12.00
# Visual Studio 15
VisualStudioVersion = 15.0.28307.329
MinimumVisualStudioVersion = 10.0.40219.1
Project("{FAE04EC0-301F-11D3-BF4B-00C04F79EFBC}") = "Core22_DapperPlus", "Core22_DapperPlus\Core22_DapperPlus.csproj", "{3696D0BE-87D5-42AD-B4CD-0614B4027C3A}"
EndProject
Global
	GlobalSection(SolutionConfigurationPlatforms) = preSolution
		Debug|Any CPU = Debug|Any CPU
		Release|Any CPU = Release|Any CPU
	EndGlobalSection
	GlobalSection(ProjectConfigurationPlatforms) = postSolution
		{3696D0BE-87D5-42AD-B4CD-0614B4027C3A}.Debug|Any CPU.ActiveCfg = Debug|Any CPU
		{3696D0BE-87D5-42AD-B4CD-0614B4027C3A}.Debug|Any CPU.Build.0 = Debug|Any CPU
		{3696D0BE-87D5-42AD-B4CD-0614B4027C3A}.Release|Any CPU.ActiveCfg = Release|Any CPU
		{3696D0BE-87D5-42AD-B4CD-0614B4027C3A}.Release|Any CPU.Build.0 = Release|Any CPU
	EndGlobalSection
	GlobalSection(SolutionProperties) = preSolution
		HideSolutionNode = FALSE
	EndGlobalSection
	GlobalSection(ExtensibilityGlobals) = postSolution
		SolutionGuid = {AA73F8E9-7759-418F-9D04-3F6700AC96FF}
	EndGlobalSection
EndGlobal
